
Microsoft Visual Studio Solution File, Format Version 12.00
# Visual Studio Version 17
VisualStudioVersion = 17.13.35825.156
MinimumVisualStudioVersion = 10.0.40219.1
Project("{FAE04EC0-301F-11D3-BF4B-00C04F79EFBC}") = "BigECommerce.Promocao.API", "BigECommerce.Promocao.API\BigECommerce.Promocao.API.csproj", "{C9F58197-6E86-47CB-8929-D0860C043724}"
EndProject
Project("{FAE04EC0-301F-11D3-BF4B-00C04F79EFBC}") = "BigECommerce.Promocao.Aplicacao", "BigECommerce.Promocao.Aplicacao\BigECommerce.Promocao.Aplicacao.csproj", "{0E8A03D3-5A13-4649-8D98-F20F1C2FD10B}"
EndProject
Project("{FAE04EC0-301F-11D3-BF4B-00C04F79EFBC}") = "BigECommerce.Promocao.Dominio", "BigECommerce.Promocao.Dominio\BigECommerce.Promocao.Dominio.csproj", "{CA75A5D9-4DA7-4EF2-8D31-32F54D7BF9A9}"
EndProject
Project("{FAE04EC0-301F-11D3-BF4B-00C04F79EFBC}") = "BigEComerce.Promocao.Infraestrutura", "BigEComerce.Promocao.Infraestrutura\BigEComerce.Promocao.Infraestrutura.csproj", "{F8E99857-B7D2-45DC-9F76-43859048FBF7}"
EndProject
Project("{FAE04EC0-301F-11D3-BF4B-00C04F79EFBC}") = "Tests", "Tests\Tests.csproj", "{594F1A38-8CC9-426C-BBE1-6EB5956C6F11}"
EndProject
Global
	GlobalSection(SolutionConfigurationPlatforms) = preSolution
		Debug|Any CPU = Debug|Any CPU
		Release|Any CPU = Release|Any CPU
	EndGlobalSection
	GlobalSection(ProjectConfigurationPlatforms) = postSolution
		{C9F58197-6E86-47CB-8929-D0860C043724}.Debug|Any CPU.ActiveCfg = Debug|Any CPU
		{C9F58197-6E86-47CB-8929-D0860C043724}.Debug|Any CPU.Build.0 = Debug|Any CPU
		{C9F58197-6E86-47CB-8929-D0860C043724}.Release|Any CPU.ActiveCfg = Release|Any CPU
		{C9F58197-6E86-47CB-8929-D0860C043724}.Release|Any CPU.Build.0 = Release|Any CPU
		{0E8A03D3-5A13-4649-8D98-F20F1C2FD10B}.Debug|Any CPU.ActiveCfg = Debug|Any CPU
		{0E8A03D3-5A13-4649-8D98-F20F1C2FD10B}.Debug|Any CPU.Build.0 = Debug|Any CPU
		{0E8A03D3-5A13-4649-8D98-F20F1C2FD10B}.Release|Any CPU.ActiveCfg = Release|Any CPU
		{0E8A03D3-5A13-4649-8D98-F20F1C2FD10B}.Release|Any CPU.Build.0 = Release|Any CPU
		{CA75A5D9-4DA7-4EF2-8D31-32F54D7BF9A9}.Debug|Any CPU.ActiveCfg = Debug|Any CPU
		{CA75A5D9-4DA7-4EF2-8D31-32F54D7BF9A9}.Debug|Any CPU.Build.0 = Debug|Any CPU
		{CA75A5D9-4DA7-4EF2-8D31-32F54D7BF9A9}.Release|Any CPU.ActiveCfg = Release|Any CPU
		{CA75A5D9-4DA7-4EF2-8D31-32F54D7BF9A9}.Release|Any CPU.Build.0 = Release|Any CPU
		{F8E99857-B7D2-45DC-9F76-43859048FBF7}.Debug|Any CPU.ActiveCfg = Debug|Any CPU
		{F8E99857-B7D2-45DC-9F76-43859048FBF7}.Debug|Any CPU.Build.0 = Debug|Any CPU
		{F8E99857-B7D2-45DC-9F76-43859048FBF7}.Release|Any CPU.ActiveCfg = Release|Any CPU
		{F8E99857-B7D2-45DC-9F76-43859048FBF7}.Release|Any CPU.Build.0 = Release|Any CPU
		{594F1A38-8CC9-426C-BBE1-6EB5956C6F11}.Debug|Any CPU.ActiveCfg = Debug|Any CPU
		{594F1A38-8CC9-426C-BBE1-6EB5956C6F11}.Debug|Any CPU.Build.0 = Debug|Any CPU
		{594F1A38-8CC9-426C-BBE1-6EB5956C6F11}.Release|Any CPU.ActiveCfg = Release|Any CPU
		{594F1A38-8CC9-426C-BBE1-6EB5956C6F11}.Release|Any CPU.Build.0 = Release|Any CPU
	EndGlobalSection
	GlobalSection(SolutionProperties) = preSolution
		HideSolutionNode = FALSE
	EndGlobalSection
	GlobalSection(ExtensibilityGlobals) = postSolution
		SolutionGuid = {E2DFBDBC-D864-460A-A276-9B2F42108CAF}
	EndGlobalSection
EndGlobal
